PODS:
  - Bolts/Tasks (1.9.1)
  - DateTools (2.0.0)
  - MBProgressHUD (1.2.0)
  - Parse (1.18.0):
    - Parse/Core (= 1.18.0)
  - Parse/Core (1.18.0):
    - Bolts/Tasks (= 1.9.1)
  - Parse/UI (1.18.0):
    - Parse/Core

DEPENDENCIES:
  - DateTools
  - MBProgressHUD
  - Parse
  - Parse/UI

SPEC REPOS:
  trunk:
    - Bolts
    - DateTools
    - MBProgressHUD
    - Parse

SPEC CHECKSUMS:
  Bolts: 8c1e8aab2f603387b8b9924f57d1d64f43d3ffdc
  DateTools: 933ac9c490f21f92127cf690ccd8c397e0126caf
  MBProgressHUD: 3ee5efcc380f6a79a7cc9b363dd669c5e1ae7406
  Parse: 79bdda34fdb7eb2a707a43a951c8aae236cb3e34

PODFILE CHECKSUM: a0b8c7b1071ea7bb4c297033a8656606e2d897dd

COCOAPODS: 1.9.3
